
Microsoft Visual Studio Solution File, Format Version 12.00
# Visual Studio Version 17
VisualStudioVersion = 17.0.31903.59
MinimumVisualStudioVersion = 10.0.40219.1
Project("{2150E333-8FDC-42A3-9474-1A3956D46DE8}") = "src", "src", "{F44A49CA-4DD5-4B12-8389-404386BAB731}"
EndProject
Project("{FAE04EC0-301F-11D3-BF4B-00C04F79EFBC}") = "AuctionService", "src\AuctionService\AuctionService.csproj", "{76E3F604-8DAE-474A-B62A-35ED9F28354A}"
EndProject
Project("{FAE04EC0-301F-11D3-BF4B-00C04F79EFBC}") = "SearchService", "src\SearchService\SearchService.csproj", "{51D496C2-D693-4159-A08E-7A069271DE74}"
EndProject
Global
	GlobalSection(SolutionConfigurationPlatforms) = preSolution
		Debug|Any CPU = Debug|Any CPU
		Release|Any CPU = Release|Any CPU
	EndGlobalSection
	GlobalSection(SolutionProperties) = preSolution
		HideSolutionNode = FALSE
	EndGlobalSection
	GlobalSection(ProjectConfigurationPlatforms) = postSolution
		{76E3F604-8DAE-474A-B62A-35ED9F28354A}.Debug|Any CPU.ActiveCfg = Debug|Any CPU
		{76E3F604-8DAE-474A-B62A-35ED9F28354A}.Debug|Any CPU.Build.0 = Debug|Any CPU
		{76E3F604-8DAE-474A-B62A-35ED9F28354A}.Release|Any CPU.ActiveCfg = Release|Any CPU
		{76E3F604-8DAE-474A-B62A-35ED9F28354A}.Release|Any CPU.Build.0 = Release|Any CPU
		{51D496C2-D693-4159-A08E-7A069271DE74}.Debug|Any CPU.ActiveCfg = Debug|Any CPU
		{51D496C2-D693-4159-A08E-7A069271DE74}.Debug|Any CPU.Build.0 = Debug|Any CPU
		{51D496C2-D693-4159-A08E-7A069271DE74}.Release|Any CPU.ActiveCfg = Release|Any CPU
		{51D496C2-D693-4159-A08E-7A069271DE74}.Release|Any CPU.Build.0 = Release|Any CPU
	EndGlobalSection
	GlobalSection(NestedProjects) = preSolution
		{76E3F604-8DAE-474A-B62A-35ED9F28354A} = {F44A49CA-4DD5-4B12-8389-404386BAB731}
		{51D496C2-D693-4159-A08E-7A069271DE74} = {F44A49CA-4DD5-4B12-8389-404386BAB731}
	EndGlobalSection
EndGlobal
